
Microsoft Visual Studio Solution File, Format Version 12.00
# Visual Studio 14
VisualStudioVersion = 14.0.25420.1
MinimumVisualStudioVersion = 10.0.40219.1
Project("{FAE04EC0-301F-11D3-BF4B-00C04F79EFBC}") = "Example.WinExe", "Example.WinExe\Example.WinExe.csproj", "{D06128ED-0A5B-47A9-AD7F-8EF29C243D5B}"
EndProject
Project("{FAE04EC0-301F-11D3-BF4B-00C04F79EFBC}") = "Example.Generator", "Example.Generator\Example.Generator.csproj", "{5E271DF2-9B44-406C-8EE7-79C8484CCD04}"
EndProject
Project("{FAE04EC0-301F-11D3-BF4B-00C04F79EFBC}") = "Example.MD", "Example.MD\Example.MD.csproj", "{8B6426B7-A53F-4A18-9AD0-BC7D128FE078}"
EndProject
Global
	GlobalSection(SolutionConfigurationPlatforms) = preSolution
		Debug|Any CPU = Debug|Any CPU
		Release|Any CPU = Release|Any CPU
	EndGlobalSection
	GlobalSection(ProjectConfigurationPlatforms) = postSolution
		{D06128ED-0A5B-47A9-AD7F-8EF29C243D5B}.Debug|Any CPU.ActiveCfg = Debug|Any CPU
		{D06128ED-0A5B-47A9-AD7F-8EF29C243D5B}.Debug|Any CPU.Build.0 = Debug|Any CPU
		{D06128ED-0A5B-47A9-AD7F-8EF29C243D5B}.Release|Any CPU.ActiveCfg = Release|Any CPU
		{D06128ED-0A5B-47A9-AD7F-8EF29C243D5B}.Release|Any CPU.Build.0 = Release|Any CPU
		{5E271DF2-9B44-406C-8EE7-79C8484CCD04}.Debug|Any CPU.ActiveCfg = Debug|Any CPU
		{5E271DF2-9B44-406C-8EE7-79C8484CCD04}.Debug|Any CPU.Build.0 = Debug|Any CPU
		{5E271DF2-9B44-406C-8EE7-79C8484CCD04}.Release|Any CPU.ActiveCfg = Release|Any CPU
		{5E271DF2-9B44-406C-8EE7-79C8484CCD04}.Release|Any CPU.Build.0 = Release|Any CPU
		{8B6426B7-A53F-4A18-9AD0-BC7D128FE078}.Debug|Any CPU.ActiveCfg = Debug|Any CPU
		{8B6426B7-A53F-4A18-9AD0-BC7D128FE078}.Debug|Any CPU.Build.0 = Debug|Any CPU
		{8B6426B7-A53F-4A18-9AD0-BC7D128FE078}.Release|Any CPU.ActiveCfg = Release|Any CPU
		{8B6426B7-A53F-4A18-9AD0-BC7D128FE078}.Release|Any CPU.Build.0 = Release|Any CPU
	EndGlobalSection
	GlobalSection(SolutionProperties) = preSolution
		HideSolutionNode = FALSE
	EndGlobalSection
EndGlobal
